
Microsoft Visual Studio Solution File, Format Version 12.00
# Visual Studio 15
VisualStudioVersion = 15.0.28307.960
MinimumVisualStudioVersion = 10.0.40219.1
Project("{FAE04EC0-301F-11D3-BF4B-00C04F79EFBC}") = "database", "database\database.csproj", "{BAF3644D-A4C9-47BB-9B44-42FB7EB621EF}"
EndProject
Global
	GlobalSection(SolutionConfigurationPlatforms) = preSolution
		Debug|Any CPU = Debug|Any CPU
		Release|Any CPU = Release|Any CPU
	EndGlobalSection
	GlobalSection(ProjectConfigurationPlatforms) = postSolution
		{BAF3644D-A4C9-47BB-9B44-42FB7EB621EF}.Debug|Any CPU.ActiveCfg = Debug|Any CPU
		{BAF3644D-A4C9-47BB-9B44-42FB7EB621EF}.Debug|Any CPU.Build.0 = Debug|Any CPU
		{BAF3644D-A4C9-47BB-9B44-42FB7EB621EF}.Release|Any CPU.ActiveCfg = Release|Any CPU
		{BAF3644D-A4C9-47BB-9B44-42FB7EB621EF}.Release|Any CPU.Build.0 = Release|Any CPU
	EndGlobalSection
	GlobalSection(SolutionProperties) = preSolution
		HideSolutionNode = FALSE
	EndGlobalSection
	GlobalSection(ExtensibilityGlobals) = postSolution
		SolutionGuid = {99EA7EB9-7F0C-4103-B8AD-626CA0C470F7}
	EndGlobalSection
EndGlobal
